github.com/davecgh/go-spew v1.1.1/go.mod h1:J7Y8YcW2NihsgmVo/mv3lAwl/skON4iLHjSsI+c5H38=
github.com/eclipse/paho.mqtt.golang v1.1.1 h1:iPJYXJLaViCshRTW/PSqImSS6HJ2Rf671WR0bXZ2GIU=
github.com/eclipse/paho.mqtt.golang v1.1.1/go.mod h1:H9keYFcgq3Qr5OUJm/JZI/i6U7joQ8SYLhZwfeOo6Ts=
github.com/emitter-io/go/v2 v2.0.0-20190202153457-e676efe0cbab/go.mod h1:v/lmwIUkrIOlfZvgjpiKlVgkPc9Ho4Gjzqa5/IZM48M=
github.com/emitter-io/go/v2 v2.0.0-20190217013915-55ee1e2d2ccf h1:oZ51ycGa/c92ybvSK9Qi9EDVgLJRK/WvGHbFgQdAxKM=
github.com/emitter-io/go/v2 v2.0.0-20190217013915-55ee1e2d2ccf/go.mod h1:v/lmwIUkrIOlfZvgjpiKlVgkPc9Ho4Gjzqa5/IZM48M=
github.com/kelindar/emitter-actor/actor v0.0.0-20190217010920-85a81684cd48 h1:gnEBqMdaKbcYQYurUOnFr6l9iih7AS8RduBLiV04Xj0=
github.com/kelindar/emitter-actor/actor v0.0.0-20190217010920-85a81684cd48/go.mod h1:BHR9H5LXost/n23VXLiqrhJCAGfgEYWmKFr7N3ye/Fc=
github.com/pmezard/go-difflib v1.0.0/go.mod h1:iKH77koFhYxTK1pcRnkKkqfTogsbg7gZNVY4sRDYZ/4=
github.com/stretchr/testify v1.2.2/go.mod h1:a8OnRcib4nhh0OaRAV+Yts87kKdq0PP7pXfy6kDkUVs=
golang.org/x/net v0.0.0-20181108082009-03003ca0c849 h1:FSqE2GGG7wzsYUsWiQ8MZrvEd1EOyU3NCF0AW3Wtltg=
golang.org/x/net v0.0.0-20181108082009-03003ca0c849/go.mod h1:mL1N/T3taQHkDXs73rZJwtUhF3w3ftmwwsq0BUmARs4=
